# THIS IS AN AUTOGENERATED FILE. DO NOT EDIT THIS FILE DIRECTLY.
# yarn lockfile v1


acorn@^4.0.3:
  version "4.0.13"
  resolved "https://registry.npmjs.org/acorn/-/acorn-4.0.13.tgz#105495ae5361d697bd195c825192e1ad7f253787"

baudio@^2.1.2:
  version "2.1.2"
  resolved "https://registry.npmjs.org/baudio/-/baudio-2.1.2.tgz#00f95706d74ee087c182ad8d20beddd260b8df6f"
  dependencies:
    concat-stream "^1.4.4"
    inherits "~1.0.0"
    minimist "0.0.8"
    parse-duration "^0.1.0"
    readable-stream "~1.1.8"
    resolve "^0.6.3"
    syntax-error "^1.1.0"

concat-stream@^1.4.4:
  version "1.6.0"
  resolved "https://registry.npmjs.org/concat-stream/-/concat-stream-1.6.0.tgz#0aac662fd52be78964d5532f694784e70110acf7"
  dependencies:
    inherits "^2.0.3"
    readable-stream "^2.2.2"
    typedarray "^0.0.6"

core-util-is@~1.0.0:
  version "1.0.2"
  resolved "https://registry.npmjs.org/core-util-is/-/core-util-is-1.0.2.tgz#b5fd54220aa2bc5ab57aab7140c940754503c1a7"

inherits@^2.0.3, inherits@~2.0.1, inherits@~2.0.3:
  version "2.0.3"
  resolved "https://registry.npmjs.org/inherits/-/inherits-2.0.3.tgz#633c2c83e3da42a502f52466022480f4208261de"

inherits@~1.0.0:
  version "1.0.2"
  resolved "https://registry.npmjs.org/inherits/-/inherits-1.0.2.tgz#ca4309dadee6b54cc0b8d247e8d7c7a0975bdc9b"

isarray@0.0.1:
  version "0.0.1"
  resolved "https://registry.npmjs.org/isarray/-/isarray-0.0.1.tgz#8a18acfca9a8f4177e09abfc6038939b05d1eedf"

isarray@~1.0.0:
  version "1.0.0"
  resolved "https://registry.npmjs.org/isarray/-/isarray-1.0.0.tgz#bb935d48582cba168c06834957a54a3e07124f11"

minimist@0.0.8:
  version "0.0.8"
  resolved "https://registry.npmjs.org/minimist/-/minimist-0.0.8.tgz#857fcabfc3397d2625b8228262e86aa7a011b05d"

parse-duration@^0.1.0:
  version "0.1.1"
  resolved "https://registry.npmjs.org/parse-duration/-/parse-duration-0.1.1.tgz#13114ddc9891c1ecd280036244554de43647a226"

process-nextick-args@~1.0.6:
  version "1.0.7"
  resolved "https://registry.npmjs.org/process-nextick-args/-/process-nextick-args-1.0.7.tgz#150e20b756590ad3f91093f25a4f2ad8bff30ba3"

readable-stream@^2.2.2:
  version "2.3.3"
  resolved "https://registry.npmjs.org/readable-stream/-/readable-stream-2.3.3.tgz#368f2512d79f9d46fdfc71349ae7878bbc1eb95c"
  dependencies:
    core-util-is "~1.0.0"
    inherits "~2.0.3"
    isarray "~1.0.0"
    process-nextick-args "~1.0.6"
    safe-buffer "~5.1.1"
    string_decoder "~1.0.3"
    util-deprecate "~1.0.1"

readable-stream@~1.1.8:
  version "1.1.14"
  resolved "https://registry.npmjs.org/readable-stream/-/readable-stream-1.1.14.tgz#7cf4c54ef648e3813084c636dd2079e166c081d9"
  dependencies:
    core-util-is "~1.0.0"
    inherits "~2.0.1"
    isarray "0.0.1"
    string_decoder "~0.10.x"

resolve@^0.6.3:
  version "0.6.3"
  resolved "https://registry.npmjs.org/resolve/-/resolve-0.6.3.tgz#dd957982e7e736debdf53b58a4dd91754575dd46"

safe-buffer@~5.1.0, safe-buffer@~5.1.1:
  version "5.1.1"
  resolved "https://registry.npmjs.org/safe-buffer/-/safe-buffer-5.1.1.tgz#893312af69b2123def71f57889001671eeb2c853"

string_decoder@~0.10.x:
  version "0.10.31"
  resolved "https://registry.npmjs.org/string_decoder/-/string_decoder-0.10.31.tgz#62e203bc41766c6c28c9fc84301dab1c5310fa94"

string_decoder@~1.0.3:
  version "1.0.3"
  resolved "https://registry.npmjs.org/string_decoder/-/string_decoder-1.0.3.tgz#0fc67d7c141825de94282dd536bec6b9bce860ab"
  dependencies:
    safe-buffer "~5.1.0"

syntax-error@^1.1.0:
  version "1.3.0"
  resolved "https://registry.npmjs.org/syntax-error/-/syntax-error-1.3.0.tgz#1ed9266c4d40be75dc55bf9bb1cb77062bb96ca1"
  dependencies:
    acorn "^4.0.3"

typedarray@^0.0.6:
  version "0.0.6"
  resolved "https://registry.npmjs.org/typedarray/-/typedarray-0.0.6.tgz#867ac74e3864187b1d3d47d996a78ec5c8830777"

util-deprecate@~1.0.1:
  version "1.0.2"
  resolved "https://registry.npmjs.org/util-deprecate/-/util-deprecate-1.0.2.tgz#450d4dc9fa70de732762fbd2d4a28981419a0ccf"
